// !$*UTF8*$!
{
	archiveVersion = 1;
	classes = {
	};
	objectVersion = 50;
	objects = {

/* Begin PBXBuildFile section */
		E9C6C98A26CC65C500F2192D /* AppDelegate.swift in Sources */ = {isa = PBXBuildFile; fileRef = E9C6C98926CC65C500F2192D /* AppDelegate.swift */; };
		E9C6C98C26CC65C500F2192D /* SceneDelegate.swift in Sources */ = {isa = PBXBuildFile; fileRef = E9C6C98B26CC65C500F2192D /* SceneDelegate.swift */; };
		E9C6C98E26CC65C500F2192D /* ViewController.swift in Sources */ = {isa = PBXBuildFile; fileRef = E9C6C98D26CC65C500F2192D /* ViewController.swift */; };
		E9C6C99326CC65C600F2192D /* Assets.xcassets in Resources */ = {isa = PBXBuildFile; fileRef = E9C6C99226CC65C600F2192D /* Assets.xcassets */; };
		E9C6C99626CC65C600F2192D /* LaunchScreen.storyboard in Resources */ = {isa = PBXBuildFile; fileRef = E9C6C99426CC65C600F2192D /* LaunchScreen.storyboard */; };
		E9C6C9A326CC674400F2192D /* UIViewExtension.swift in Sources */ = {isa = PBXBuildFile; fileRef = E9C6C9A226CC674400F2192D /* UIViewExtension.swift */; };
/* End PBXBuildFile section */

/* Begin PBXFileReference section */
		E9C6C98626CC65C500F2192D /* ProgrammaticUI.app */ = {isa = PBXFileReference; explicitFileType = wrapper.application; includeInIndex = 0; path = ProgrammaticUI.app; sourceTree = BUILT_PRODUCTS_DIR; };
		E9C6C98926CC65C500F2192D /* AppDelegate.swift */ = {isa = PBXFileReference; lastKnownFileType = sourcecode.swift; path = AppDelegate.swift; sourceTree = "<group>"; };
		E9C6C98B26CC65C500F2192D /* SceneDelegate.swift */ = {isa = PBXFileReference; lastKnownFileType = sourcecode.swift; path = SceneDelegate.swift; sourceTree = "<group>"; };
		E9C6C98D26CC65C500F2192D /* ViewController.swift */ = {isa = PBXFileReference; lastKnownFileType = sourcecode.swift; path = ViewController.swift; sourceTree = "<group>"; };
		E9C6C99226CC65C600F2192D /* Assets.xcassets */ = {isa = PBXFileReference; lastKnownFileType = folder.assetcatalog; path = Assets.xcassets; sourceTree = "<group>"; };
		E9C6C99526CC65C600F2192D /* Base */ = {isa = PBXFileReference; lastKnownFileType = file.storyboard; name = Base; path = Base.lproj/LaunchScreen.storyboard; sourceTree = "<group>"; };
		E9C6C99726CC65C600F2192D /* Info.plist */ = {isa = PBXFileReference; lastKnownFileType = text.plist.xml; path = Info.plist; sourceTree = "<group>"; };
		E9C6C9A226CC674400F2192D /* UIViewExtension.swift */ = {isa = PBXFileReference; lastKnownFileType = sourcecode.swift; path = UIViewExtension.swift; sourceTree = "<group>"; };
/* End PBXFileReference section */

/* Begin PBXFrameworksBuildPhase section */
		E9C6C98326CC65C500F2192D /* Frameworks */ = {
			isa = PBXFrameworksBuildPhase;
			buildActionMask = 2147483647;
			files = (
			);
			runOnlyForDeploymentPostprocessing = 0;
		};
/* End PBXFrameworksBuildPhase section */

/* Begin PBXGroup section */
		E9C6C97D26CC65C500F2192D = {
			isa = PBXGroup;
			children = (
				E9C6C98826CC65C500F2192D /* ProgrammaticUI */,
				E9C6C98726CC65C500F2192D /* Products */,
			);
			sourceTree = "<group>";
		};
		E9C6C98726CC65C500F2192D /* Products */ = {
			isa = PBXGroup;
			children = (
				E9C6C98626CC65C500F2192D /* ProgrammaticUI.app */,
			);
			name = Products;
			sourceTree = "<group>";
		};
		E9C6C98826CC65C500F2192D /* ProgrammaticUI */ = {
			isa = PBXGroup;
			children = (
				E9C6C9A126CC672800F2192D /* Helpers */,
				E9C6C99E26CC660400F2192D /* Controllers */,
				E9C6C99D26CC65DE00F2192D /* Support */,
			);
			path = ProgrammaticUI;
			sourceTree = "<group>";
		};
		E9C6C99D26CC65DE00F2192D /* Support */ = {
			isa = PBXGroup;
			children = (
				E9C6C98926CC65C500F2192D /* AppDelegate.swift */,
				E9C6C98B26CC65C500F2192D /* SceneDelegate.swift */,
				E9C6C99226CC65C600F2192D /* Assets.xcassets */,
				E9C6C99426CC65C600F2192D /* LaunchScreen.storyboard */,
				E9C6C99726CC65C600F2192D /* Info.plist */,
			);
			path = Support;
			sourceTree = "<group>";
		};
		E9C6C99E26CC660400F2192D /* Controllers */ = {
			isa = PBXGroup;
			children = (
				E9C6C99F26CC660B00F2192D /* ViewControllers */,
			);
			path = Controllers;
			sourceTree = "<group>";
		};
		E9C6C99F26CC660B00F2192D /* ViewControllers */ = {
			isa = PBXGroup;
			children = (
				E9C6C98D26CC65C500F2192D /* ViewController.swift */,
			);
			path = ViewControllers;
			sourceTree = "<group>";
		};
		E9C6C9A026CC672100F2192D /* Extensions */ = {
			isa = PBXGroup;
			children = (
				E9C6C9A226CC674400F2192D /* UIViewExtension.swift */,
			);
			path = Extensions;
			sourceTree = "<group>";
		};
		E9C6C9A126CC672800F2192D /* Helpers */ = {
			isa = PBXGroup;
			children = (
				E9C6C9A026CC672100F2192D /* Extensions */,
			);
			path = Helpers;
			sourceTree = "<group>";
		};
/* End PBXGroup section */

/* Begin PBXNativeTarget section */
		E9C6C98526CC65C500F2192D /* ProgrammaticUI */ = {
			isa = PBXNativeTarget;
			buildConfigurationList = E9C6C99A26CC65C600F2192D /* Build configuration list for PBXNativeTarget "ProgrammaticUI" */;
			buildPhases = (
				E9C6C98226CC65C500F2192D /* Sources */,
				E9C6C98326CC65C500F2192D /* Frameworks */,
				E9C6C98426CC65C500F2192D /* Resources */,
			);
			buildRules = (
			);
			dependencies = (
			);
			name = ProgrammaticUI;
			productName = ProgrammaticUI;
			productReference = E9C6C98626CC65C500F2192D /* ProgrammaticUI.app */;
			productType = "com.apple.product-type.application";
		};
/* End PBXNativeTarget section */

/* Begin PBXProject section */
		E9C6C97E26CC65C500F2192D /* Project object */ = {
			isa = PBXProject;
			attributes = {
				LastSwiftUpdateCheck = 1250;
				LastUpgradeCheck = 1250;
				TargetAttributes = {
					E9C6C98526CC65C500F2192D = {
						CreatedOnToolsVersion = 12.5.1;
					};
				};
			};
			buildConfigurationList = E9C6C98126CC65C500F2192D /* Build configuration list for PBXProject "ProgrammaticUI" */;
			compatibilityVersion = "Xcode 9.3";
			developmentRegion = en;
			hasScannedForEncodings = 0;
			knownRegions = (
				en,
				Base,
			);
			mainGroup = E9C6C97D26CC65C500F2192D;
			productRefGroup = E9C6C98726CC65C500F2192D /* Products */;
			projectDirPath = "";
			projectRoot = "";
			targets = (
				E9C6C98526CC65C500F2192D /* ProgrammaticUI */,
			);
		};
/* End PBXProject section */

/* Begin PBXResourcesBuildPhase section */
		E9C6C98426CC65C500F2192D /* Resources */ = {
			isa = PBXResourcesBuildPhase;
			buildActionMask = 2147483647;
			files = (
				E9C6C99626CC65C600F2192D /* LaunchScreen.storyboard in Resources */,
				E9C6C99326CC65C600F2192D /* Assets.xcassets in Resources */,
			);
			runOnlyForDeploymentPostprocessing = 0;
		};
/* End PBXResourcesBuildPhase section */

/* Begin PBXSourcesBuildPhase section */
		E9C6C98226CC65C500F2192D /* Sources */ = {
			isa = PBXSourcesBuildPhase;
			buildActionMask = 2147483647;
			files = (
				E9C6C98E26CC65C500F2192D /* ViewController.swift in Sources */,
				E9C6C98A26CC65C500F2192D /* AppDelegate.swift in Sources */,
				E9C6C9A326CC674400F2192D /* UIViewExtension.swift in Sources */,
				E9C6C98C26CC65C500F2192D /* SceneDelegate.swift in Sources */,
			);
			runOnlyForDeploymentPostprocessing = 0;
		};
/* End PBXSourcesBuildPhase section */

/* Begin PBXVariantGroup section */
		E9C6C99426CC65C600F2192D /* LaunchScreen.storyboard */ = {
			isa = PBXVariantGroup;
			children = (
				E9C6C99526CC65C600F2192D /* Base */,
			);
			name = LaunchScreen.storyboard;
			sourceTree = "<group>";
		};
/* End PBXVariantGroup section */

/* Begin XCBuildConfiguration section */
		E9C6C99826CC65C600F2192D /* Debug */ = {
			isa = XCBuildConfiguration;
			buildSettings = {
				ALWAYS_SEARCH_USER_PATHS = NO;
				CLANG_ANALYZER_NONNULL = YES;
				CLANG_ANALYZER_NUMBER_OBJECT_CONVERSION = YES_AGGRESSIVE;
				CLANG_CXX_LANGUAGE_STANDARD = "gnu++14";
				CLANG_CXX_LIBRARY = "libc++";
				CLANG_ENABLE_MODULES = YES;
				CLANG_ENABLE_OBJC_ARC = YES;
				CLANG_ENABLE_OBJC_WEAK = YES;
				CLANG_WARN_BLOCK_CAPTURE_AUTORELEASING = YES;
				CLANG_WARN_BOOL_CONVERSION = YES;
				CLANG_WARN_COMMA = YES;
				CLANG_WARN_CONSTANT_CONVERSION = YES;
				CLANG_WARN_DEPRECATED_OBJC_IMPLEMENTATIONS = YES;
				CLANG_WARN_DIRECT_OBJC_ISA_USAGE = YES_ERROR;
				CLANG_WARN_DOCUMENTATION_COMMENTS = YES;
				CLANG_WARN_EMPTY_BODY = YES;
				CLANG_WARN_ENUM_CONVERSION = YES;
				CLANG_WARN_INFINITE_RECURSION = YES;
				CLANG_WARN_INT_CONVERSION = YES;
				CLANG_WARN_NON_LITERAL_NULL_CONVERSION = YES;
				CLANG_WARN_OBJC_IMPLICIT_RETAIN_SELF = YES;
				CLANG_WARN_OBJC_LITERAL_CONVERSION = YES;
				CLANG_WARN_OBJC_ROOT_CLASS = YES_ERROR;
				CLANG_WARN_QUOTED_INCLUDE_IN_FRAMEWORK_HEADER = YES;
				CLANG_WARN_RANGE_LOOP_ANALYSIS = YES;
				CLANG_WARN_STRICT_PROTOTYPES = YES;
				CLANG_WARN_SUSPICIOUS_MOVE = YES;
				CLANG_WARN_UNGUARDED_AVAILABILITY = YES_AGGRESSIVE;
				CLANG_WARN_UNREACHABLE_CODE = YES;
				CLANG_WARN__DUPLICATE_METHOD_MATCH = YES;
				COPY_PHASE_STRIP = NO;
				DEBUG_INFORMATION_FORMAT = dwarf;
				ENABLE_STRICT_OBJC_MSGSEND = YES;
				ENABLE_TESTABILITY = YES;
				GCC_C_LANGUAGE_STANDARD = gnu11;
				GCC_DYNAMIC_NO_PIC = NO;
				GCC_NO_COMMON_BLOCKS = YES;
				GCC_OPTIMIZATION_LEVEL = 0;
				GCC_PREPROCESSOR_DEFINITIONS = (
					"DEBUG=1",
					"$(inherited)",
				);
				GCC_WARN_64_TO_32_BIT_CONVERSION = YES;
				GCC_WARN_ABOUT_RETURN_TYPE = YES_ERROR;
				GCC_WARN_UNDECLARED_SELECTOR = YES;
				GCC_WARN_UNINITIALIZED_AUTOS = YES_AGGRESSIVE;
				GCC_WARN_UNUSED_FUNCTION = YES;
				GCC_WARN_UNUSED_VARIABLE = YES;
				IPHONEOS_DEPLOYMENT_TARGET = 14.5;
				MTL_ENABLE_DEBUG_INFO = INCLUDE_SOURCE;
				MTL_FAST_MATH = YES;
				ONLY_ACTIVE_ARCH = YES;
				SDKROOT = iphoneos;
				SWIFT_ACTIVE_COMPILATION_CONDITIONS = DEBUG;
				SWIFT_OPTIMIZATION_LEVEL = "-Onone";
			};
			name = Debug;
		};
		E9C6C99926CC65C600F2192D /* Release */ = {
			isa = XCBuildConfiguration;
			buildSettings = {
				ALWAYS_SEARCH_USER_PATHS = NO;
				CLANG_ANALYZER_NONNULL = YES;
				CLANG_ANALYZER_NUMBER_OBJECT_CONVERSION = YES_AGGRESSIVE;
				CLANG_CXX_LANGUAGE_STANDARD = "gnu++14";
				CLANG_CXX_LIBRARY = "libc++";
				CLANG_ENABLE_MODULES = YES;
				CLANG_ENABLE_OBJC_ARC = YES;
				CLANG_ENABLE_OBJC_WEAK = YES;
				CLANG_WARN_BLOCK_CAPTURE_AUTORELEASING = YES;
				CLANG_WARN_BOOL_CONVERSION = YES;
				CLANG_WARN_COMMA = YES;
				CLANG_WARN_CONSTANT_CONVERSION = YES;
				CLANG_WARN_DEPRECATED_OBJC_IMPLEMENTATIONS = YES;
				CLANG_WARN_DIRECT_OBJC_ISA_USAGE = YES_ERROR;
				CLANG_WARN_DOCUMENTATION_COMMENTS = YES;
				CLANG_WARN_EMPTY_BODY = YES;
				CLANG_WARN_ENUM_CONVERSION = YES;
				CLANG_WARN_INFINITE_RECURSION = YES;
				CLANG_WARN_INT_CONVERSION = YES;
				CLANG_WARN_NON_LITERAL_NULL_CONVERSION = YES;
				CLANG_WARN_OBJC_IMPLICIT_RETAIN_SELF = YES;
				CLANG_WARN_OBJC_LITERAL_CONVERSION = YES;
				CLANG_WARN_OBJC_ROOT_CLASS = YES_ERROR;
				CLANG_WARN_QUOTED_INCLUDE_IN_FRAMEWORK_HEADER = YES;
				CLANG_WARN_RANGE_LOOP_ANALYSIS = YES;
				CLANG_WARN_STRICT_PROTOTYPES = YES;
				CLANG_WARN_SUSPICIOUS_MOVE = YES;
				CLANG_WARN_UNGUARDED_AVAILABILITY = YES_AGGRESSIVE;
				CLANG_WARN_UNREACHABLE_CODE = YES;
				CLANG_WARN__DUPLICATE_METHOD_MATCH = YES;
				COPY_PHASE_STRIP = NO;
				DEBUG_INFORMATION_FORMAT = "dwarf-with-dsym";
				ENABLE_NS_ASSERTIONS = NO;
				ENABLE_STRICT_OBJC_MSGSEND = YES;
				GCC_C_LANGUAGE_STANDARD = gnu11;
				GCC_NO_COMMON_BLOCKS = YES;
				GCC_WARN_64_TO_32_BIT_CONVERSION = YES;
				GCC_WARN_ABOUT_RETURN_TYPE = YES_ERROR;
				GCC_WARN_UNDECLARED_SELECTOR = YES;
				GCC_WARN_UNINITIALIZED_AUTOS = YES_AGGRESSIVE;
				GCC_WARN_UNUSED_FUNCTION = YES;
				GCC_WARN_UNUSED_VARIABLE = YES;
				IPHONEOS_DEPLOYMENT_TARGET = 14.5;
				MTL_ENABLE_DEBUG_INFO = NO;
				MTL_FAST_MATH = YES;
				SDKROOT = iphoneos;
				SWIFT_COMPILATION_MODE = wholemodule;
				SWIFT_OPTIMIZATION_LEVEL = "-O";
				VALIDATE_PRODUCT = YES;
			};
			name = Release;
		};
		E9C6C99B26CC65C600F2192D /* Debug */ = {
			isa = XCBuildConfiguration;
			buildSettings = {
				ASSETCATALOG_COMPILER_APPICON_NAME = AppIcon;
				ASSETCATALOG_COMPILER_GLOBAL_ACCENT_COLOR_NAME = AccentColor;
				CODE_SIGN_STYLE = Automatic;
				DEVELOPMENT_TEAM = PNQLC6535R;
				INFOPLIST_FILE = ProgrammaticUI/Support/Info.plist;
				LD_RUNPATH_SEARCH_PATHS = (
					"$(inherited)",
					"@executable_path/Frameworks",
				);
				PRODUCT_BUNDLE_IDENTIFIER = com.lijia.ProgrammaticUI;
				PRODUCT_NAME = "$(TARGET_NAME)";
				SWIFT_VERSION = 5.0;
				TARGETED_DEVICE_FAMILY = "1,2";
			};
			name = Debug;
		};
		E9C6C99C26CC65C600F2192D /* Release */ = {
			isa = XCBuildConfiguration;
			buildSettings = {
				ASSETCATALOG_COMPILER_APPICON_NAME = AppIcon;
				ASSETCATALOG_COMPILER_GLOBAL_ACCENT_COLOR_NAME = AccentColor;
				CODE_SIGN_STYLE = Automatic;
				DEVELOPMENT_TEAM = PNQLC6535R;
				INFOPLIST_FILE = ProgrammaticUI/Support/Info.plist;
				LD_RUNPATH_SEARCH_PATHS = (
					"$(inherited)",
					"@executable_path/Frameworks",
				);
				PRODUCT_BUNDLE_IDENTIFIER = com.lijia.ProgrammaticUI;
				PRODUCT_NAME = "$(TARGET_NAME)";
				SWIFT_VERSION = 5.0;
				TARGETED_DEVICE_FAMILY = "1,2";
			};
			name = Release;
		};
/* End XCBuildConfiguration section */

/* Begin XCConfigurationList section */
		E9C6C98126CC65C500F2192D /* Build configuration list for PBXProject "ProgrammaticUI" */ = {
			isa = XCConfigurationList;
			buildConfigurations = (
				E9C6C99826CC65C600F2192D /* Debug */,
				E9C6C99926CC65C600F2192D /* Release */,
			);
			defaultConfigurationIsVisible = 0;
			defaultConfigurationName = Release;
		};
		E9C6C99A26CC65C600F2192D /* Build configuration list for PBXNativeTarget "ProgrammaticUI" */ = {
			isa = XCConfigurationList;
			buildConfigurations = (
				E9C6C99B26CC65C600F2192D /* Debug */,
				E9C6C99C26CC65C600F2192D /* Release */,
			);
			defaultConfigurationIsVisible = 0;
			defaultConfigurationName = Release;
		};
/* End XCConfigurationList section */
	};
	rootObject = E9C6C97E26CC65C500F2192D /* Project object */;
}
